
Microsoft Visual Studio Solution File, Format Version 12.00
Project("{2150E333-8FDC-42A3-9474-1A3956D46DE8}") = "Domain", "Domain", "{519F97E2-8A68-4EFB-A72E-0C729B55F2D1}"
EndProject
Project("{FAE04EC0-301F-11D3-BF4B-00C04F79EFBC}") = "AdvertisingPlatforms.Domain", "AdvertisingPlatforms.Domain\AdvertisingPlatforms.Domain.csproj", "{BA304227-476E-4B4A-91F6-4B184E92CA87}"
EndProject
Project("{2150E333-8FDC-42A3-9474-1A3956D46DE8}") = "Service", "Service", "{B8D83B32-871D-4240-AD95-27D3EFDA7396}"
EndProject
Project("{FAE04EC0-301F-11D3-BF4B-00C04F79EFBC}") = "AdvertisingPlatforms.Service", "AdvertisingPlatforms.Service\AdvertisingPlatforms.Service.csproj", "{94D7C724-59BC-482B-B404-658305BE3FB2}"
EndProject
Project("{2150E333-8FDC-42A3-9474-1A3956D46DE8}") = "Presentation", "Presentation", "{AF2821A4-E555-4776-AFF4-4E8406EAC51A}"
EndProject
Project("{FAE04EC0-301F-11D3-BF4B-00C04F79EFBC}") = "AdvertisingPlatforms.API", "AdvertisingPlatforms.API\AdvertisingPlatforms.API.csproj", "{C4387CC8-B447-4F64-B13B-2A0F9B6F5B1E}"
EndProject
Project("{2150E333-8FDC-42A3-9474-1A3956D46DE8}") = "Tests", "Tests", "{038B0D3A-4D99-4FAF-BE75-5D9D670478DB}"
EndProject
Project("{FAE04EC0-301F-11D3-BF4B-00C04F79EFBC}") = "AdvertisingPlatforms.Service.Tests", "AdvertisingPlatforms.Service.Tests\AdvertisingPlatforms.Service.Tests.csproj", "{97D10F37-5767-415E-8C24-88488E11CD24}"
EndProject
Project("{FAE04EC0-301F-11D3-BF4B-00C04F79EFBC}") = "AdvertisingPlatforms.Domain.Tests", "AdvertisingPlatforms.Domain.Tests\AdvertisingPlatforms.Domain.Tests.csproj", "{9FA34B29-BE4E-44A9-B91D-BCF3172DDD59}"
EndProject
Project("{FAE04EC0-301F-11D3-BF4B-00C04F79EFBC}") = "AdvertisingPlatforms.API.Tests", "AdvertisingPlatforms.API.Tests\AdvertisingPlatforms.API.Tests.csproj", "{70A133C3-D4D2-442F-90B7-8A55C834020A}"
EndProject
Global
	GlobalSection(SolutionConfigurationPlatforms) = preSolution
		Debug|Any CPU = Debug|Any CPU
		Release|Any CPU = Release|Any CPU
	EndGlobalSection
	GlobalSection(NestedProjects) = preSolution
		{BA304227-476E-4B4A-91F6-4B184E92CA87} = {519F97E2-8A68-4EFB-A72E-0C729B55F2D1}
		{94D7C724-59BC-482B-B404-658305BE3FB2} = {B8D83B32-871D-4240-AD95-27D3EFDA7396}
		{C4387CC8-B447-4F64-B13B-2A0F9B6F5B1E} = {AF2821A4-E555-4776-AFF4-4E8406EAC51A}
		{97D10F37-5767-415E-8C24-88488E11CD24} = {038B0D3A-4D99-4FAF-BE75-5D9D670478DB}
		{9FA34B29-BE4E-44A9-B91D-BCF3172DDD59} = {038B0D3A-4D99-4FAF-BE75-5D9D670478DB}
		{70A133C3-D4D2-442F-90B7-8A55C834020A} = {038B0D3A-4D99-4FAF-BE75-5D9D670478DB}
	EndGlobalSection
	GlobalSection(ProjectConfigurationPlatforms) = postSolution
		{BA304227-476E-4B4A-91F6-4B184E92CA87}.Debug|Any CPU.ActiveCfg = Debug|Any CPU
		{BA304227-476E-4B4A-91F6-4B184E92CA87}.Debug|Any CPU.Build.0 = Debug|Any CPU
		{BA304227-476E-4B4A-91F6-4B184E92CA87}.Release|Any CPU.ActiveCfg = Release|Any CPU
		{BA304227-476E-4B4A-91F6-4B184E92CA87}.Release|Any CPU.Build.0 = Release|Any CPU
		{94D7C724-59BC-482B-B404-658305BE3FB2}.Debug|Any CPU.ActiveCfg = Debug|Any CPU
		{94D7C724-59BC-482B-B404-658305BE3FB2}.Debug|Any CPU.Build.0 = Debug|Any CPU
		{94D7C724-59BC-482B-B404-658305BE3FB2}.Release|Any CPU.ActiveCfg = Release|Any CPU
		{94D7C724-59BC-482B-B404-658305BE3FB2}.Release|Any CPU.Build.0 = Release|Any CPU
		{C4387CC8-B447-4F64-B13B-2A0F9B6F5B1E}.Debug|Any CPU.ActiveCfg = Debug|Any CPU
		{C4387CC8-B447-4F64-B13B-2A0F9B6F5B1E}.Debug|Any CPU.Build.0 = Debug|Any CPU
		{C4387CC8-B447-4F64-B13B-2A0F9B6F5B1E}.Release|Any CPU.ActiveCfg = Release|Any CPU
		{C4387CC8-B447-4F64-B13B-2A0F9B6F5B1E}.Release|Any CPU.Build.0 = Release|Any CPU
		{97D10F37-5767-415E-8C24-88488E11CD24}.Debug|Any CPU.ActiveCfg = Debug|Any CPU
		{97D10F37-5767-415E-8C24-88488E11CD24}.Debug|Any CPU.Build.0 = Debug|Any CPU
		{97D10F37-5767-415E-8C24-88488E11CD24}.Release|Any CPU.ActiveCfg = Release|Any CPU
		{97D10F37-5767-415E-8C24-88488E11CD24}.Release|Any CPU.Build.0 = Release|Any CPU
		{9FA34B29-BE4E-44A9-B91D-BCF3172DDD59}.Debug|Any CPU.ActiveCfg = Debug|Any CPU
		{9FA34B29-BE4E-44A9-B91D-BCF3172DDD59}.Debug|Any CPU.Build.0 = Debug|Any CPU
		{9FA34B29-BE4E-44A9-B91D-BCF3172DDD59}.Release|Any CPU.ActiveCfg = Release|Any CPU
		{9FA34B29-BE4E-44A9-B91D-BCF3172DDD59}.Release|Any CPU.Build.0 = Release|Any CPU
		{70A133C3-D4D2-442F-90B7-8A55C834020A}.Debug|Any CPU.ActiveCfg = Debug|Any CPU
		{70A133C3-D4D2-442F-90B7-8A55C834020A}.Debug|Any CPU.Build.0 = Debug|Any CPU
		{70A133C3-D4D2-442F-90B7-8A55C834020A}.Release|Any CPU.ActiveCfg = Release|Any CPU
		{70A133C3-D4D2-442F-90B7-8A55C834020A}.Release|Any CPU.Build.0 = Release|Any CPU
	EndGlobalSection
EndGlobal
